
Microsoft Visual Studio Solution File, Format Version 12.00
# Visual Studio Version 17
VisualStudioVersion = 17.0.31903.59
MinimumVisualStudioVersion = 10.0.40219.1
Project("{9A19103F-16F7-4668-BE54-9A1E7A4F7556}") = "GhostTranslations", "GhostTranslations\GhostTranslations.csproj", "{FED719DB-4650-4E0E-BC8E-DC85E1EB8D15}"
EndProject
Global
	GlobalSection(SolutionConfigurationPlatforms) = preSolution
		Debug|Any CPU = Debug|Any CPU
		Release|Any CPU = Release|Any CPU
	EndGlobalSection
	GlobalSection(ProjectConfigurationPlatforms) = postSolution
		{FED719DB-4650-4E0E-BC8E-DC85E1EB8D15}.Debug|Any CPU.ActiveCfg = Debug|Any CPU
		{FED719DB-4650-4E0E-BC8E-DC85E1EB8D15}.Debug|Any CPU.Build.0 = Debug|Any CPU
		{FED719DB-4650-4E0E-BC8E-DC85E1EB8D15}.Release|Any CPU.ActiveCfg = Release|Any CPU
		{FED719DB-4650-4E0E-BC8E-DC85E1EB8D15}.Release|Any CPU.Build.0 = Release|Any CPU
	EndGlobalSection
	GlobalSection(SolutionProperties) = preSolution
		HideSolutionNode = FALSE
	EndGlobalSection
	GlobalSection(ExtensibilityGlobals) = postSolution
		SolutionGuid = {C50D66DA-77CC-45E3-B76A-45199F3C16A5}
	EndGlobalSection
EndGlobal
